
Microsoft Visual Studio Solution File, Format Version 12.00
# Visual Studio Version 16
VisualStudioVersion = 16.0.31729.503
MinimumVisualStudioVersion = 10.0.40219.1
Project("{FAE04EC0-301F-11D3-BF4B-00C04F79EFBC}") = "Proiect_PCLP", "Proiect_PCLP.csproj", "{8F2B911D-4863-4629-ADF4-C477BE2FF406}"
EndProject
Global
	GlobalSection(SolutionConfigurationPlatforms) = preSolution
		Debug|Any CPU = Debug|Any CPU
		Release|Any CPU = Release|Any CPU
	EndGlobalSection
	GlobalSection(ProjectConfigurationPlatforms) = postSolution
		{8F2B911D-4863-4629-ADF4-C477BE2FF406}.Debug|Any CPU.ActiveCfg = Debug|Any CPU
		{8F2B911D-4863-4629-ADF4-C477BE2FF406}.Debug|Any CPU.Build.0 = Debug|Any CPU
		{8F2B911D-4863-4629-ADF4-C477BE2FF406}.Release|Any CPU.ActiveCfg = Release|Any CPU
		{8F2B911D-4863-4629-ADF4-C477BE2FF406}.Release|Any CPU.Build.0 = Release|Any CPU
	EndGlobalSection
	GlobalSection(SolutionProperties) = preSolution
		HideSolutionNode = FALSE
	EndGlobalSection
	GlobalSection(ExtensibilityGlobals) = postSolution
		SolutionGuid = {557505E7-0C72-4B0B-AD47-135C39737C38}
	EndGlobalSection
EndGlobal
